// !$*UTF8*$!
{
	archiveVersion = 1;
	classes = {
	};
	objectVersion = 51;
	objects = {

/* Begin PBXBuildFile section */
		A072DC3021CA9318003D36E8 /* KeyboardDelegate.swift in Sources */ = {isa = PBXBuildFile; fileRef = A072DC2F21CA9318003D36E8 /* KeyboardDelegate.swift */; };
		A072DC3421CA9CEE003D36E8 /* DeviceHelper.swift in Sources */ = {isa = PBXBuildFile; fileRef = A072DC3321CA9CEE003D36E8 /* DeviceHelper.swift */; };
		A09D7EF22293A61000DF3566 /* IdentityCardNumberKeyboard.swift in Sources */ = {isa = PBXBuildFile; fileRef = A09D7EF12293A61000DF3566 /* IdentityCardNumberKeyboard.swift */; };
		A09D7EF42293AB7600DF3566 /* VehicleIdentificationNumberKeyboard.swift in Sources */ = {isa = PBXBuildFile; fileRef = A09D7EF32293AB7600DF3566 /* VehicleIdentificationNumberKeyboard.swift */; };
		A09D7EF62293BDC500DF3566 /* LetterKey.swift in Sources */ = {isa = PBXBuildFile; fileRef = A09D7EF52293BDC500DF3566 /* LetterKey.swift */; };
		A09D7EF82293C54F00DF3566 /* Adaptor.swift in Sources */ = {isa = PBXBuildFile; fileRef = A09D7EF72293C54F00DF3566 /* Adaptor.swift */; };
		A09D7EFA2293DA9800DF3566 /* VehicleIdentificationNumberViewController.swift in Sources */ = {isa = PBXBuildFile; fileRef = A09D7EF92293DA9800DF3566 /* VehicleIdentificationNumberViewController.swift */; };
		A0C1DAB021C3A308004E9627 /* ANKeyboard.h in Headers */ = {isa = PBXBuildFile; fileRef = A0C1DAAE21C3A308004E9627 /* ANKeyboard.h */; settings = {ATTRIBUTES = (Public, ); }; };
		A0C1DAB721C3A3E9004E9627 /* KeyboardType.swift in Sources */ = {isa = PBXBuildFile; fileRef = A0C1DAB621C3A3E9004E9627 /* KeyboardType.swift */; };
		A0C1DAB921C3A46F004E9627 /* Keyboard.swift in Sources */ = {isa = PBXBuildFile; fileRef = A0C1DAB821C3A46F004E9627 /* Keyboard.swift */; };
		A0C1DABB21C3A4F4004E9627 /* NumberKey.swift in Sources */ = {isa = PBXBuildFile; fileRef = A0C1DABA21C3A4F4004E9627 /* NumberKey.swift */; };
		A0C1DABF21C3ADC7004E9627 /* Ex+UIColor.swift in Sources */ = {isa = PBXBuildFile; fileRef = A0C1DABE21C3ADC7004E9627 /* Ex+UIColor.swift */; };
		A0C1DAC321C48BCC004E9627 /* SnapKit.framework in Frameworks */ = {isa = PBXBuildFile; fileRef = A0C1DAC221C48BCC004E9627 /* SnapKit.framework */; };
		A0C4ECA722618EA500BCB58C /* Keyboard+IdentityNumber.swift in Sources */ = {isa = PBXBuildFile; fileRef = A0C4ECA622618EA500BCB58C /* Keyboard+IdentityNumber.swift */; };
		A0F1E1F121CA6497000B8712 /* AppDelegate.swift in Sources */ = {isa = PBXBuildFile; fileRef = A0F1E1F021CA6497000B8712 /* AppDelegate.swift */; };
		A0F1E1F321CA6497000B8712 /* IdentityCardNumberViewController.swift in Sources */ = {isa = PBXBuildFile; fileRef = A0F1E1F221CA6497000B8712 /* IdentityCardNumberViewController.swift */; };
		A0F1E1F621CA6497000B8712 /* Main.storyboard in Resources */ = {isa = PBXBuildFile; fileRef = A0F1E1F421CA6497000B8712 /* Main.storyboard */; };
		A0F1E1F821CA6499000B8712 /* Assets.xcassets in Resources */ = {isa = PBXBuildFile; fileRef = A0F1E1F721CA6499000B8712 /* Assets.xcassets */; };
		A0F1E1FB21CA6499000B8712 /* LaunchScreen.storyboard in Resources */ = {isa = PBXBuildFile; fileRef = A0F1E1F921CA6499000B8712 /* LaunchScreen.storyboard */; };
		A0F1E20621CA653D000B8712 /* ANKeyboard.framework in Frameworks */ = {isa = PBXBuildFile; fileRef = A0C1DAAB21C3A308004E9627 /* ANKeyboard.framework */; };
		A0F1E20721CA653D000B8712 /* ANKeyboard.framework in Embed Frameworks */ = {isa = PBXBuildFile; fileRef = A0C1DAAB21C3A308004E9627 /* ANKeyboard.framework */; settings = {ATTRIBUTES = (CodeSignOnCopy, RemoveHeadersOnCopy, ); }; };
		A0F1E20B21CA654E000B8712 /* SnapKit.framework in Frameworks */ = {isa = PBXBuildFile; fileRef = A0C1DAC221C48BCC004E9627 /* SnapKit.framework */; };
		A0F1E20F21CB271F000B8712 /* Ex+Layer.swift in Sources */ = {isa = PBXBuildFile; fileRef = A0F1E20E21CB271F000B8712 /* Ex+Layer.swift */; };
		A0F1E21221CB2AAD000B8712 /* Keyboard.xcassets in Resources */ = {isa = PBXBuildFile; fileRef = A0F1E21121CB2AAD000B8712 /* Keyboard.xcassets */; };
		A0F1E21921CB3A53000B8712 /* BackspaceKey.swift in Sources */ = {isa = PBXBuildFile; fileRef = A0F1E21821CB3A53000B8712 /* BackspaceKey.swift */; };
		A0F1E21B21CB5A23000B8712 /* SoundHelper.swift in Sources */ = {isa = PBXBuildFile; fileRef = A0F1E21A21CB5A23000B8712 /* SoundHelper.swift */; };
/* End PBXBuildFile section */

/* Begin PBXContainerItemProxy section */
		A0F1E20821CA653D000B8712 /* PBXContainerItemProxy */ = {
			isa = PBXContainerItemProxy;
			containerPortal = A0C1DAA221C3A308004E9627 /* Project object */;
			proxyType = 1;
			remoteGlobalIDString = A0C1DAAA21C3A308004E9627;
			remoteInfo = ANKeyboard;
		};
/* End PBXContainerItemProxy section */

/* Begin PBXCopyFilesBuildPhase section */
		A0F1E20A21CA653D000B8712 /* Embed Frameworks */ = {
			isa = PBXCopyFilesBuildPhase;
			buildActionMask = 2147483647;
			dstPath = "";
			dstSubfolderSpec = 10;
			files = (
				A0F1E20721CA653D000B8712 /* ANKeyboard.framework in Embed Frameworks */,
			);
			name = "Embed Frameworks";
			runOnlyForDeploymentPostprocessing = 0;
		};
/* End PBXCopyFilesBuildPhase section */

/* Begin PBXFileReference section */
		A072DC2F21CA9318003D36E8 /* KeyboardDelegate.swift */ = {isa = PBXFileReference; lastKnownFileType = sourcecode.swift; path = KeyboardDelegate.swift; sourceTree = "<group>"; };
		A072DC3321CA9CEE003D36E8 /* DeviceHelper.swift */ = {isa = PBXFileReference; lastKnownFileType = sourcecode.swift; path = DeviceHelper.swift; sourceTree = "<group>"; };
		A09D7EF12293A61000DF3566 /* IdentityCardNumberKeyboard.swift */ = {isa = PBXFileReference; fileEncoding = 4; lastKnownFileType = sourcecode.swift; path = IdentityCardNumberKeyboard.swift; sourceTree = "<group>"; };
		A09D7EF32293AB7600DF3566 /* VehicleIdentificationNumberKeyboard.swift */ = {isa = PBXFileReference; lastKnownFileType = sourcecode.swift; path = VehicleIdentificationNumberKeyboard.swift; sourceTree = "<group>"; };
		A09D7EF52293BDC500DF3566 /* LetterKey.swift */ = {isa = PBXFileReference; lastKnownFileType = sourcecode.swift; path = LetterKey.swift; sourceTree = "<group>"; };
		A09D7EF72293C54F00DF3566 /* Adaptor.swift */ = {isa = PBXFileReference; lastKnownFileType = sourcecode.swift; path = Adaptor.swift; sourceTree = "<group>"; };
		A09D7EF92293DA9800DF3566 /* VehicleIdentificationNumberViewController.swift */ = {isa = PBXFileReference; lastKnownFileType = sourcecode.swift; path = VehicleIdentificationNumberViewController.swift; sourceTree = "<group>"; };
		A0C1DAAB21C3A308004E9627 /* ANKeyboard.framework */ = {isa = PBXFileReference; explicitFileType = wrapper.framework; includeInIndex = 0; path = ANKeyboard.framework; sourceTree = BUILT_PRODUCTS_DIR; };
		A0C1DAAE21C3A308004E9627 /* ANKeyboard.h */ = {isa = PBXFileReference; lastKnownFileType = sourcecode.c.h; path = ANKeyboard.h; sourceTree = "<group>"; };
		A0C1DAAF21C3A308004E9627 /* Info.plist */ = {isa = PBXFileReference; lastKnownFileType = text.plist.xml; path = Info.plist; sourceTree = "<group>"; };
		A0C1DAB621C3A3E9004E9627 /* KeyboardType.swift */ = {isa = PBXFileReference; lastKnownFileType = sourcecode.swift; path = KeyboardType.swift; sourceTree = "<group>"; };
		A0C1DAB821C3A46F004E9627 /* Keyboard.swift */ = {isa = PBXFileReference; lastKnownFileType = sourcecode.swift; path = Keyboard.swift; sourceTree = "<group>"; };
		A0C1DABA21C3A4F4004E9627 /* NumberKey.swift */ = {isa = PBXFileReference; lastKnownFileType = sourcecode.swift; path = NumberKey.swift; sourceTree = "<group>"; };
		A0C1DABC21C3A544004E9627 /* README.md */ = {isa = PBXFileReference; lastKnownFileType = net.daringfireball.markdown; path = README.md; sourceTree = "<group>"; };
		A0C1DABD21C3A544004E9627 /* LICENSE */ = {isa = PBXFileReference; lastKnownFileType = text; path = LICENSE; sourceTree = "<group>"; };
		A0C1DABE21C3ADC7004E9627 /* Ex+UIColor.swift */ = {isa = PBXFileReference; lastKnownFileType = sourcecode.swift; path = "Ex+UIColor.swift"; sourceTree = "<group>"; };
		A0C1DAC021C487C7004E9627 /* Cartfile */ = {isa = PBXFileReference; lastKnownFileType = text; path = Cartfile; sourceTree = "<group>"; };
		A0C1DAC221C48BCC004E9627 /* SnapKit.framework */ = {isa = PBXFileReference; lastKnownFileType = wrapper.framework; name = SnapKit.framework; path = Carthage/Build/iOS/SnapKit.framework; sourceTree = "<group>"; };
		A0C4ECA622618EA500BCB58C /* Keyboard+IdentityNumber.swift */ = {isa = PBXFileReference; lastKnownFileType = sourcecode.swift; path = "Keyboard+IdentityNumber.swift"; sourceTree = "<group>"; };
		A0F1E1EE21CA6497000B8712 /* Example.app */ = {isa = PBXFileReference; explicitFileType = wrapper.application; includeInIndex = 0; path = Example.app; sourceTree = BUILT_PRODUCTS_DIR; };
		A0F1E1F021CA6497000B8712 /* AppDelegate.swift */ = {isa = PBXFileReference; lastKnownFileType = sourcecode.swift; path = AppDelegate.swift; sourceTree = "<group>"; };
		A0F1E1F221CA6497000B8712 /* IdentityCardNumberViewController.swift */ = {isa = PBXFileReference; lastKnownFileType = sourcecode.swift; path = IdentityCardNumberViewController.swift; sourceTree = "<group>"; };
		A0F1E1F521CA6497000B8712 /* Base */ = {isa = PBXFileReference; lastKnownFileType = file.storyboard; name = Base; path = Base.lproj/Main.storyboard; sourceTree = "<group>"; };
		A0F1E1F721CA6499000B8712 /* Assets.xcassets */ = {isa = PBXFileReference; lastKnownFileType = folder.assetcatalog; path = Assets.xcassets; sourceTree = "<group>"; };
		A0F1E1FA21CA6499000B8712 /* Base */ = {isa = PBXFileReference; lastKnownFileType = file.storyboard; name = Base; path = Base.lproj/LaunchScreen.storyboard; sourceTree = "<group>"; };
		A0F1E1FC21CA6499000B8712 /* Info.plist */ = {isa = PBXFileReference; lastKnownFileType = text.plist.xml; path = Info.plist; sourceTree = "<group>"; };
		A0F1E20E21CB271F000B8712 /* Ex+Layer.swift */ = {isa = PBXFileReference; lastKnownFileType = sourcecode.swift; path = "Ex+Layer.swift"; sourceTree = "<group>"; };
		A0F1E21121CB2AAD000B8712 /* Keyboard.xcassets */ = {isa = PBXFileReference; lastKnownFileType = folder.assetcatalog; path = Keyboard.xcassets; sourceTree = "<group>"; };
		A0F1E21821CB3A53000B8712 /* BackspaceKey.swift */ = {isa = PBXFileReference; fileEncoding = 4; lastKnownFileType = sourcecode.swift; path = BackspaceKey.swift; sourceTree = "<group>"; };
		A0F1E21A21CB5A23000B8712 /* SoundHelper.swift */ = {isa = PBXFileReference; lastKnownFileType = sourcecode.swift; path = SoundHelper.swift; sourceTree = "<group>"; };
/* End PBXFileReference section */

/* Begin PBXFrameworksBuildPhase section */
		A0C1DAA821C3A308004E9627 /* Frameworks */ = {
			isa = PBXFrameworksBuildPhase;
			buildActionMask = 2147483647;
			files = (
				A0C1DAC321C48BCC004E9627 /* SnapKit.framework in Frameworks */,
			);
			runOnlyForDeploymentPostprocessing = 0;
		};
		A0F1E1EB21CA6497000B8712 /* Frameworks */ = {
			isa = PBXFrameworksBuildPhase;
			buildActionMask = 2147483647;
			files = (
				A0F1E20B21CA654E000B8712 /* SnapKit.framework in Frameworks */,
				A0F1E20621CA653D000B8712 /* ANKeyboard.framework in Frameworks */,
			);
			runOnlyForDeploymentPostprocessing = 0;
		};
/* End PBXFrameworksBuildPhase section */

/* Begin PBXGroup section */
		A072DC3121CA9CCB003D36E8 /* Util */ = {
			isa = PBXGroup;
			children = (
				A072DC3321CA9CEE003D36E8 /* DeviceHelper.swift */,
				A0F1E21A21CB5A23000B8712 /* SoundHelper.swift */,
				A09D7EF72293C54F00DF3566 /* Adaptor.swift */,
			);
			path = Util;
			sourceTree = "<group>";
		};
		A072DC3221CA9CD2003D36E8 /* Extension */ = {
			isa = PBXGroup;
			children = (
				A0C1DABE21C3ADC7004E9627 /* Ex+UIColor.swift */,
				A0F1E20E21CB271F000B8712 /* Ex+Layer.swift */,
			);
			path = Extension;
			sourceTree = "<group>";
		};
		A0C1DAA121C3A308004E9627 = {
			isa = PBXGroup;
			children = (
				A0C1DABD21C3A544004E9627 /* LICENSE */,
				A0C1DABC21C3A544004E9627 /* README.md */,
				A0C1DAC021C487C7004E9627 /* Cartfile */,
				A0C1DAAD21C3A308004E9627 /* Sources */,
				A0F1E1EF21CA6497000B8712 /* Example */,
				A0C1DAAC21C3A308004E9627 /* Products */,
				A0C1DAC121C48BCC004E9627 /* Frameworks */,
			);
			sourceTree = "<group>";
		};
		A0C1DAAC21C3A308004E9627 /* Products */ = {
			isa = PBXGroup;
			children = (
				A0C1DAAB21C3A308004E9627 /* ANKeyboard.framework */,
				A0F1E1EE21CA6497000B8712 /* Example.app */,
			);
			name = Products;
			sourceTree = "<group>";
		};
		A0C1DAAD21C3A308004E9627 /* Sources */ = {
			isa = PBXGroup;
			children = (
				A0C1DAAE21C3A308004E9627 /* ANKeyboard.h */,
				A0C1DAAF21C3A308004E9627 /* Info.plist */,
				A0F1E21721CB34B7000B8712 /* Core */,
				A0F1E21521CB349D000B8712 /* Keyboards */,
				A0F1E21621CB34A8000B8712 /* Keys */,
				A072DC3221CA9CD2003D36E8 /* Extension */,
				A072DC3121CA9CCB003D36E8 /* Util */,
				A0F1E21121CB2AAD000B8712 /* Keyboard.xcassets */,
			);
			path = Sources;
			sourceTree = "<group>";
		};
		A0C1DAC121C48BCC004E9627 /* Frameworks */ = {
			isa = PBXGroup;
			children = (
				A0C1DAC221C48BCC004E9627 /* SnapKit.framework */,
			);
			name = Frameworks;
			sourceTree = "<group>";
		};
		A0F1E1EF21CA6497000B8712 /* Example */ = {
			isa = PBXGroup;
			children = (
				A0F1E1F021CA6497000B8712 /* AppDelegate.swift */,
				A0F1E1F221CA6497000B8712 /* IdentityCardNumberViewController.swift */,
				A09D7EF92293DA9800DF3566 /* VehicleIdentificationNumberViewController.swift */,
				A0F1E1F421CA6497000B8712 /* Main.storyboard */,
				A0F1E1F721CA6499000B8712 /* Assets.xcassets */,
				A0F1E1F921CA6499000B8712 /* LaunchScreen.storyboard */,
				A0F1E1FC21CA6499000B8712 /* Info.plist */,
			);
			path = Example;
			sourceTree = "<group>";
		};
		A0F1E21521CB349D000B8712 /* Keyboards */ = {
			isa = PBXGroup;
			children = (
				A09D7EF12293A61000DF3566 /* IdentityCardNumberKeyboard.swift */,
				A09D7EF32293AB7600DF3566 /* VehicleIdentificationNumberKeyboard.swift */,
			);
			path = Keyboards;
			sourceTree = "<group>";
		};
		A0F1E21621CB34A8000B8712 /* Keys */ = {
			isa = PBXGroup;
			children = (
				A0C1DABA21C3A4F4004E9627 /* NumberKey.swift */,
				A0F1E21821CB3A53000B8712 /* BackspaceKey.swift */,
				A09D7EF52293BDC500DF3566 /* LetterKey.swift */,
			);
			path = Keys;
			sourceTree = "<group>";
		};
		A0F1E21721CB34B7000B8712 /* Core */ = {
			isa = PBXGroup;
			children = (
				A0C1DAB821C3A46F004E9627 /* Keyboard.swift */,
				A0C4ECA622618EA500BCB58C /* Keyboard+IdentityNumber.swift */,
				A0C1DAB621C3A3E9004E9627 /* KeyboardType.swift */,
				A072DC2F21CA9318003D36E8 /* KeyboardDelegate.swift */,
			);
			path = Core;
			sourceTree = "<group>";
		};
/* End PBXGroup section */

/* Begin PBXHeadersBuildPhase section */
		A0C1DAA621C3A308004E9627 /* Headers */ = {
			isa = PBXHeadersBuildPhase;
			buildActionMask = 2147483647;
			files = (
				A0C1DAB021C3A308004E9627 /* ANKeyboard.h in Headers */,
			);
			runOnlyForDeploymentPostprocessing = 0;
		};
/* End PBXHeadersBuildPhase section */

/* Begin PBXNativeTarget section */
		A0C1DAAA21C3A308004E9627 /* ANKeyboard */ = {
			isa = PBXNativeTarget;
			buildConfigurationList = A0C1DAB321C3A308004E9627 /* Build configuration list for PBXNativeTarget "ANKeyboard" */;
			buildPhases = (
				A0C1DAA621C3A308004E9627 /* Headers */,
				A0C1DAA721C3A308004E9627 /* Sources */,
				A0C1DAA821C3A308004E9627 /* Frameworks */,
				A0C1DAA921C3A308004E9627 /* Resources */,
			);
			buildRules = (
			);
			dependencies = (
			);
			name = ANKeyboard;
			productName = ANKeyboard;
			productReference = A0C1DAAB21C3A308004E9627 /* ANKeyboard.framework */;
			productType = "com.apple.product-type.framework";
		};
		A0F1E1ED21CA6497000B8712 /* Example */ = {
			isa = PBXNativeTarget;
			buildConfigurationList = A0F1E1FD21CA6499000B8712 /* Build configuration list for PBXNativeTarget "Example" */;
			buildPhases = (
				A0F1E1EA21CA6497000B8712 /* Sources */,
				A0F1E1EB21CA6497000B8712 /* Frameworks */,
				A0F1E1EC21CA6497000B8712 /* Resources */,
				A0F1E20C21CA6589000B8712 /* ShellScript */,
				A0F1E20A21CA653D000B8712 /* Embed Frameworks */,
			);
			buildRules = (
			);
			dependencies = (
				A0F1E20921CA653D000B8712 /* PBXTargetDependency */,
			);
			name = Example;
			productName = Example;
			productReference = A0F1E1EE21CA6497000B8712 /* Example.app */;
			productType = "com.apple.product-type.application";
		};
/* End PBXNativeTarget section */

/* Begin PBXProject section */
		A0C1DAA221C3A308004E9627 /* Project object */ = {
			isa = PBXProject;
			attributes = {
				LastSwiftUpdateCheck = 1010;
				LastUpgradeCheck = 1020;
				ORGANIZATIONNAME = anotheren.com;
				TargetAttributes = {
					A0C1DAAA21C3A308004E9627 = {
						CreatedOnToolsVersion = 10.1;
						LastSwiftMigration = 1020;
					};
					A0F1E1ED21CA6497000B8712 = {
						CreatedOnToolsVersion = 10.1;
						LastSwiftMigration = 1020;
					};
				};
			};
			buildConfigurationList = A0C1DAA521C3A308004E9627 /* Build configuration list for PBXProject "ANKeyboard" */;
			compatibilityVersion = "Xcode 10.0";
			developmentRegion = en;
			hasScannedForEncodings = 0;
			knownRegions = (
				en,
				Base,
			);
			mainGroup = A0C1DAA121C3A308004E9627;
			productRefGroup = A0C1DAAC21C3A308004E9627 /* Products */;
			projectDirPath = "";
			projectRoot = "";
			targets = (
				A0C1DAAA21C3A308004E9627 /* ANKeyboard */,
				A0F1E1ED21CA6497000B8712 /* Example */,
			);
		};
/* End PBXProject section */

/* Begin PBXResourcesBuildPhase section */
		A0C1DAA921C3A308004E9627 /* Resources */ = {
			isa = PBXResourcesBuildPhase;
			buildActionMask = 2147483647;
			files = (
				A0F1E21221CB2AAD000B8712 /* Keyboard.xcassets in Resources */,
			);
			runOnlyForDeploymentPostprocessing = 0;
		};
		A0F1E1EC21CA6497000B8712 /* Resources */ = {
			isa = PBXResourcesBuildPhase;
			buildActionMask = 2147483647;
			files = (
				A0F1E1FB21CA6499000B8712 /* LaunchScreen.storyboard in Resources */,
				A0F1E1F821CA6499000B8712 /* Assets.xcassets in Resources */,
				A0F1E1F621CA6497000B8712 /* Main.storyboard in Resources */,
			);
			runOnlyForDeploymentPostprocessing = 0;
		};
/* End PBXResourcesBuildPhase section */

/* Begin PBXShellScriptBuildPhase section */
		A0F1E20C21CA6589000B8712 /* ShellScript */ = {
			isa = PBXShellScriptBuildPhase;
			buildActionMask = 2147483647;
			files = (
			);
			inputFileListPaths = (
			);
			inputPaths = (
				"$(SRCROOT)/Carthage/Build/iOS/SnapKit.framework",
			);
			outputFileListPaths = (
			);
			outputPaths = (
				"$(BUILT_PRODUCTS_DIR)/$(FRAMEWORKS_FOLDER_PATH)/SnapKit.framework",
			);
			runOnlyForDeploymentPostprocessing = 0;
			shellPath = /bin/sh;
			shellScript = "/usr/local/bin/carthage copy-frameworks\n";
		};
/* End PBXShellScriptBuildPhase section */

/* Begin PBXSourcesBuildPhase section */
		A0C1DAA721C3A308004E9627 /* Sources */ = {
			isa = PBXSourcesBuildPhase;
			buildActionMask = 2147483647;
			files = (
				A0C1DABF21C3ADC7004E9627 /* Ex+UIColor.swift in Sources */,
				A0F1E21B21CB5A23000B8712 /* SoundHelper.swift in Sources */,
				A0F1E21921CB3A53000B8712 /* BackspaceKey.swift in Sources */,
				A0C1DABB21C3A4F4004E9627 /* NumberKey.swift in Sources */,
				A0C1DAB721C3A3E9004E9627 /* KeyboardType.swift in Sources */,
				A09D7EF82293C54F00DF3566 /* Adaptor.swift in Sources */,
				A09D7EF62293BDC500DF3566 /* LetterKey.swift in Sources */,
				A072DC3421CA9CEE003D36E8 /* DeviceHelper.swift in Sources */,
				A0C1DAB921C3A46F004E9627 /* Keyboard.swift in Sources */,
				A0C4ECA722618EA500BCB58C /* Keyboard+IdentityNumber.swift in Sources */,
				A09D7EF42293AB7600DF3566 /* VehicleIdentificationNumberKeyboard.swift in Sources */,
				A09D7EF22293A61000DF3566 /* IdentityCardNumberKeyboard.swift in Sources */,
				A0F1E20F21CB271F000B8712 /* Ex+Layer.swift in Sources */,
				A072DC3021CA9318003D36E8 /* KeyboardDelegate.swift in Sources */,
			);
			runOnlyForDeploymentPostprocessing = 0;
		};
		A0F1E1EA21CA6497000B8712 /* Sources */ = {
			isa = PBXSourcesBuildPhase;
			buildActionMask = 2147483647;
			files = (
				A0F1E1F321CA6497000B8712 /* IdentityCardNumberViewController.swift in Sources */,
				A09D7EFA2293DA9800DF3566 /* VehicleIdentificationNumberViewController.swift in Sources */,
				A0F1E1F121CA6497000B8712 /* AppDelegate.swift in Sources */,
			);
			runOnlyForDeploymentPostprocessing = 0;
		};
/* End PBXSourcesBuildPhase section */

/* Begin PBXTargetDependency section */
		A0F1E20921CA653D000B8712 /* PBXTargetDependency */ = {
			isa = PBXTargetDependency;
			target = A0C1DAAA21C3A308004E9627 /* ANKeyboard */;
			targetProxy = A0F1E20821CA653D000B8712 /* PBXContainerItemProxy */;
		};
/* End PBXTargetDependency section */

/* Begin PBXVariantGroup section */
		A0F1E1F421CA6497000B8712 /* Main.storyboard */ = {
			isa = PBXVariantGroup;
			children = (
				A0F1E1F521CA6497000B8712 /* Base */,
			);
			name = Main.storyboard;
			sourceTree = "<group>";
		};
		A0F1E1F921CA6499000B8712 /* LaunchScreen.storyboard */ = {
			isa = PBXVariantGroup;
			children = (
				A0F1E1FA21CA6499000B8712 /* Base */,
			);
			name = LaunchScreen.storyboard;
			sourceTree = "<group>";
		};
/* End PBXVariantGroup section */

/* Begin XCBuildConfiguration section */
		A0C1DAB121C3A308004E9627 /* Debug */ = {
			isa = XCBuildConfiguration;
			buildSettings = {
				ALWAYS_SEARCH_USER_PATHS = NO;
				CLANG_ANALYZER_NONNULL = YES;
				CLANG_ANALYZER_NUMBER_OBJECT_CONVERSION = YES_AGGRESSIVE;
				CLANG_CXX_LANGUAGE_STANDARD = "gnu++14";
				CLANG_CXX_LIBRARY = "libc++";
				CLANG_ENABLE_MODULES = YES;
				CLANG_ENABLE_OBJC_ARC = YES;
				CLANG_ENABLE_OBJC_WEAK = YES;
				CLANG_WARN_BLOCK_CAPTURE_AUTORELEASING = YES;
				CLANG_WARN_BOOL_CONVERSION = YES;
				CLANG_WARN_COMMA = YES;
				CLANG_WARN_CONSTANT_CONVERSION = YES;
				CLANG_WARN_DEPRECATED_OBJC_IMPLEMENTATIONS = YES;
				CLANG_WARN_DIRECT_OBJC_ISA_USAGE = YES_ERROR;
				CLANG_WARN_DOCUMENTATION_COMMENTS = YES;
				CLANG_WARN_EMPTY_BODY = YES;
				CLANG_WARN_ENUM_CONVERSION = YES;
				CLANG_WARN_INFINITE_RECURSION = YES;
				CLANG_WARN_INT_CONVERSION = YES;
				CLANG_WARN_NON_LITERAL_NULL_CONVERSION = YES;
				CLANG_WARN_OBJC_IMPLICIT_RETAIN_SELF = YES;
				CLANG_WARN_OBJC_LITERAL_CONVERSION = YES;
				CLANG_WARN_OBJC_ROOT_CLASS = YES_ERROR;
				CLANG_WARN_RANGE_LOOP_ANALYSIS = YES;
				CLANG_WARN_STRICT_PROTOTYPES = YES;
				CLANG_WARN_SUSPICIOUS_MOVE = YES;
				CLANG_WARN_UNGUARDED_AVAILABILITY = YES_AGGRESSIVE;
				CLANG_WARN_UNREACHABLE_CODE = YES;
				CLANG_WARN__DUPLICATE_METHOD_MATCH = YES;
				CODE_SIGN_IDENTITY = "iPhone Developer";
				COPY_PHASE_STRIP = NO;
				CURRENT_PROJECT_VERSION = 1;
				DEBUG_INFORMATION_FORMAT = dwarf;
				ENABLE_STRICT_OBJC_MSGSEND = YES;
				ENABLE_TESTABILITY = YES;
				GCC_C_LANGUAGE_STANDARD = gnu11;
				GCC_DYNAMIC_NO_PIC = NO;
				GCC_NO_COMMON_BLOCKS = YES;
				GCC_OPTIMIZATION_LEVEL = 0;
				GCC_PREPROCESSOR_DEFINITIONS = (
					"DEBUG=1",
					"$(inherited)",
				);
				GCC_WARN_64_TO_32_BIT_CONVERSION = YES;
				GCC_WARN_ABOUT_RETURN_TYPE = YES_ERROR;
				GCC_WARN_UNDECLARED_SELECTOR = YES;
				GCC_WARN_UNINITIALIZED_AUTOS = YES_AGGRESSIVE;
				GCC_WARN_UNUSED_FUNCTION = YES;
				GCC_WARN_UNUSED_VARIABLE = YES;
				IPHONEOS_DEPLOYMENT_TARGET = 12.1;
				MTL_ENABLE_DEBUG_INFO = INCLUDE_SOURCE;
				MTL_FAST_MATH = YES;
				ONLY_ACTIVE_ARCH = YES;
				SDKROOT = iphoneos;
				SWIFT_ACTIVE_COMPILATION_CONDITIONS = DEBUG;
				SWIFT_OPTIMIZATION_LEVEL = "-Onone";
				VERSIONING_SYSTEM = "apple-generic";
				VERSION_INFO_PREFIX = "";
			};
			name = Debug;
		};
		A0C1DAB221C3A308004E9627 /* Release */ = {
			isa = XCBuildConfiguration;
			buildSettings = {
				ALWAYS_SEARCH_USER_PATHS = NO;
				CLANG_ANALYZER_NONNULL = YES;
				CLANG_ANALYZER_NUMBER_OBJECT_CONVERSION = YES_AGGRESSIVE;
				CLANG_CXX_LANGUAGE_STANDARD = "gnu++14";
				CLANG_CXX_LIBRARY = "libc++";
				CLANG_ENABLE_MODULES = YES;
				CLANG_ENABLE_OBJC_ARC = YES;
				CLANG_ENABLE_OBJC_WEAK = YES;
				CLANG_WARN_BLOCK_CAPTURE_AUTORELEASING = YES;
				CLANG_WARN_BOOL_CONVERSION = YES;
				CLANG_WARN_COMMA = YES;
				CLANG_WARN_CONSTANT_CONVERSION = YES;
				CLANG_WARN_DEPRECATED_OBJC_IMPLEMENTATIONS = YES;
				CLANG_WARN_DIRECT_OBJC_ISA_USAGE = YES_ERROR;
				CLANG_WARN_DOCUMENTATION_COMMENTS = YES;
				CLANG_WARN_EMPTY_BODY = YES;
				CLANG_WARN_ENUM_CONVERSION = YES;
				CLANG_WARN_INFINITE_RECURSION = YES;
				CLANG_WARN_INT_CONVERSION = YES;
				CLANG_WARN_NON_LITERAL_NULL_CONVERSION = YES;
				CLANG_WARN_OBJC_IMPLICIT_RETAIN_SELF = YES;
				CLANG_WARN_OBJC_LITERAL_CONVERSION = YES;
				CLANG_WARN_OBJC_ROOT_CLASS = YES_ERROR;
				CLANG_WARN_RANGE_LOOP_ANALYSIS = YES;
				CLANG_WARN_STRICT_PROTOTYPES = YES;
				CLANG_WARN_SUSPICIOUS_MOVE = YES;
				CLANG_WARN_UNGUARDED_AVAILABILITY = YES_AGGRESSIVE;
				CLANG_WARN_UNREACHABLE_CODE = YES;
				CLANG_WARN__DUPLICATE_METHOD_MATCH = YES;
				CODE_SIGN_IDENTITY = "iPhone Developer";
				COPY_PHASE_STRIP = NO;
				CURRENT_PROJECT_VERSION = 1;
				DEBUG_INFORMATION_FORMAT = "dwarf-with-dsym";
				ENABLE_NS_ASSERTIONS = NO;
				ENABLE_STRICT_OBJC_MSGSEND = YES;
				GCC_C_LANGUAGE_STANDARD = gnu11;
				GCC_NO_COMMON_BLOCKS = YES;
				GCC_WARN_64_TO_32_BIT_CONVERSION = YES;
				GCC_WARN_ABOUT_RETURN_TYPE = YES_ERROR;
				GCC_WARN_UNDECLARED_SELECTOR = YES;
				GCC_WARN_UNINITIALIZED_AUTOS = YES_AGGRESSIVE;
				GCC_WARN_UNUSED_FUNCTION = YES;
				GCC_WARN_UNUSED_VARIABLE = YES;
				IPHONEOS_DEPLOYMENT_TARGET = 12.1;
				MTL_ENABLE_DEBUG_INFO = NO;
				MTL_FAST_MATH = YES;
				SDKROOT = iphoneos;
				SWIFT_COMPILATION_MODE = wholemodule;
				SWIFT_OPTIMIZATION_LEVEL = "-O";
				VALIDATE_PRODUCT = YES;
				VERSIONING_SYSTEM = "apple-generic";
				VERSION_INFO_PREFIX = "";
			};
			name = Release;
		};
		A0C1DAB421C3A308004E9627 /* Debug */ = {
			isa = XCBuildConfiguration;
			buildSettings = {
				APPLICATION_EXTENSION_API_ONLY = YES;
				CLANG_ENABLE_MODULES = YES;
				CODE_SIGN_IDENTITY = "";
				CODE_SIGN_STYLE = Automatic;
				DEFINES_MODULE = YES;
				DEVELOPMENT_TEAM = 7SA22A9L3L;
				DYLIB_COMPATIBILITY_VERSION = 1;
				DYLIB_CURRENT_VERSION = 1;
				DYLIB_INSTALL_NAME_BASE = "@rpath";
				FRAMEWORK_SEARCH_PATHS = (
					"$(inherited)",
					"$(PROJECT_DIR)/Carthage/Build/iOS",
				);
				INFOPLIST_FILE = "$(SRCROOT)/Sources/Info.plist";
				INSTALL_PATH = "$(LOCAL_LIBRARY_DIR)/Frameworks";
				IPHONEOS_DEPLOYMENT_TARGET = 10.0;
				LD_RUNPATH_SEARCH_PATHS = (
					"$(inherited)",
					"@executable_path/Frameworks",
					"@loader_path/Frameworks",
				);
				PRODUCT_BUNDLE_IDENTIFIER = com.anotheren.ANKeyboard;
				PRODUCT_NAME = "$(TARGET_NAME:c99extidentifier)";
				PROVISIONING_PROFILE_SPECIFIER = "";
				SKIP_INSTALL = YES;
				SWIFT_OPTIMIZATION_LEVEL = "-Onone";
				SWIFT_VERSION = 5.0;
				TARGETED_DEVICE_FAMILY = "1,2";
			};
			name = Debug;
		};
		A0C1DAB521C3A308004E9627 /* Release */ = {
			isa = XCBuildConfiguration;
			buildSettings = {
				APPLICATION_EXTENSION_API_ONLY = YES;
				CLANG_ENABLE_MODULES = YES;
				CODE_SIGN_IDENTITY = "";
				CODE_SIGN_STYLE = Automatic;
				DEFINES_MODULE = YES;
				DEVELOPMENT_TEAM = 7SA22A9L3L;
				DYLIB_COMPATIBILITY_VERSION = 1;
				DYLIB_CURRENT_VERSION = 1;
				DYLIB_INSTALL_NAME_BASE = "@rpath";
				FRAMEWORK_SEARCH_PATHS = (
					"$(inherited)",
					"$(PROJECT_DIR)/Carthage/Build/iOS",
				);
				INFOPLIST_FILE = "$(SRCROOT)/Sources/Info.plist";
				INSTALL_PATH = "$(LOCAL_LIBRARY_DIR)/Frameworks";
				IPHONEOS_DEPLOYMENT_TARGET = 10.0;
				LD_RUNPATH_SEARCH_PATHS = (
					"$(inherited)",
					"@executable_path/Frameworks",
					"@loader_path/Frameworks",
				);
				PRODUCT_BUNDLE_IDENTIFIER = com.anotheren.ANKeyboard;
				PRODUCT_NAME = "$(TARGET_NAME:c99extidentifier)";
				PROVISIONING_PROFILE_SPECIFIER = "";
				SKIP_INSTALL = YES;
				SWIFT_VERSION = 5.0;
				TARGETED_DEVICE_FAMILY = "1,2";
			};
			name = Release;
		};
		A0F1E1FE21CA6499000B8712 /* Debug */ = {
			isa = XCBuildConfiguration;
			buildSettings = {
				ALWAYS_EMBED_SWIFT_STANDARD_LIBRARIES = YES;
				ASSETCATALOG_COMPILER_APPICON_NAME = AppIcon;
				CODE_SIGN_STYLE = Automatic;
				DEVELOPMENT_TEAM = 7SA22A9L3L;
				FRAMEWORK_SEARCH_PATHS = (
					"$(inherited)",
					"$(PROJECT_DIR)/Carthage/Build/iOS",
				);
				INFOPLIST_FILE = Example/Info.plist;
				IPHONEOS_DEPLOYMENT_TARGET = 12.0;
				LD_RUNPATH_SEARCH_PATHS = (
					"$(inherited)",
					"@executable_path/Frameworks",
				);
				PRODUCT_BUNDLE_IDENTIFIER = com.anotheren.ANKeyboard.Example;
				PRODUCT_NAME = "$(TARGET_NAME)";
				SWIFT_VERSION = 5.0;
				TARGETED_DEVICE_FAMILY = "1,2";
			};
			name = Debug;
		};
		A0F1E1FF21CA6499000B8712 /* Release */ = {
			isa = XCBuildConfiguration;
			buildSettings = {
				ALWAYS_EMBED_SWIFT_STANDARD_LIBRARIES = YES;
				ASSETCATALOG_COMPILER_APPICON_NAME = AppIcon;
				CODE_SIGN_STYLE = Automatic;
				DEVELOPMENT_TEAM = 7SA22A9L3L;
				FRAMEWORK_SEARCH_PATHS = (
					"$(inherited)",
					"$(PROJECT_DIR)/Carthage/Build/iOS",
				);
				INFOPLIST_FILE = Example/Info.plist;
				IPHONEOS_DEPLOYMENT_TARGET = 12.0;
				LD_RUNPATH_SEARCH_PATHS = (
					"$(inherited)",
					"@executable_path/Frameworks",
				);
				PRODUCT_BUNDLE_IDENTIFIER = com.anotheren.ANKeyboard.Example;
				PRODUCT_NAME = "$(TARGET_NAME)";
				SWIFT_VERSION = 5.0;
				TARGETED_DEVICE_FAMILY = "1,2";
			};
			name = Release;
		};
/* End XCBuildConfiguration section */

/* Begin XCConfigurationList section */
		A0C1DAA521C3A308004E9627 /* Build configuration list for PBXProject "ANKeyboard" */ = {
			isa = XCConfigurationList;
			buildConfigurations = (
				A0C1DAB121C3A308004E9627 /* Debug */,
				A0C1DAB221C3A308004E9627 /* Release */,
			);
			defaultConfigurationIsVisible = 0;
			defaultConfigurationName = Release;
		};
		A0C1DAB321C3A308004E9627 /* Build configuration list for PBXNativeTarget "ANKeyboard" */ = {
			isa = XCConfigurationList;
			buildConfigurations = (
				A0C1DAB421C3A308004E9627 /* Debug */,
				A0C1DAB521C3A308004E9627 /* Release */,
			);
			defaultConfigurationIsVisible = 0;
			defaultConfigurationName = Release;
		};
		A0F1E1FD21CA6499000B8712 /* Build configuration list for PBXNativeTarget "Example" */ = {
			isa = XCConfigurationList;
			buildConfigurations = (
				A0F1E1FE21CA6499000B8712 /* Debug */,
				A0F1E1FF21CA6499000B8712 /* Release */,
			);
			defaultConfigurationIsVisible = 0;
			defaultConfigurationName = Release;
		};
/* End XCConfigurationList section */
	};
	rootObject = A0C1DAA221C3A308004E9627 /* Project object */;
}
